
Microsoft Visual Studio Solution File, Format Version 12.00
# Visual Studio Version 17
VisualStudioVersion = 17.4.33110.190
MinimumVisualStudioVersion = 10.0.40219.1
Project("{FAE04EC0-301F-11D3-BF4B-00C04F79EFBC}") = "Deliverable 2 try 2", "Deliverable 2 try 2\Deliverable 2 try 2.csproj", "{FFE68106-6E57-4E8A-B77A-4C4CA477FECE}"
EndProject
Global
	GlobalSection(SolutionConfigurationPlatforms) = preSolution
		Debug|Any CPU = Debug|Any CPU
		Release|Any CPU = Release|Any CPU
	EndGlobalSection
	GlobalSection(ProjectConfigurationPlatforms) = postSolution
		{FFE68106-6E57-4E8A-B77A-4C4CA477FECE}.Debug|Any CPU.ActiveCfg = Debug|Any CPU
		{FFE68106-6E57-4E8A-B77A-4C4CA477FECE}.Debug|Any CPU.Build.0 = Debug|Any CPU
		{FFE68106-6E57-4E8A-B77A-4C4CA477FECE}.Release|Any CPU.ActiveCfg = Release|Any CPU
		{FFE68106-6E57-4E8A-B77A-4C4CA477FECE}.Release|Any CPU.Build.0 = Release|Any CPU
	EndGlobalSection
	GlobalSection(SolutionProperties) = preSolution
		HideSolutionNode = FALSE
	EndGlobalSection
	GlobalSection(ExtensibilityGlobals) = postSolution
		SolutionGuid = {11697A3F-9403-43F2-93F8-300E8EA12B44}
	EndGlobalSection
EndGlobal
